// !$*UTF8*$!
{
	archiveVersion = 1;
	classes = {
	};
	objectVersion = 50;
	objects = {

/* Begin PBXBuildFile section */
		D93714A6242E876C00B78E9D /* PhotoIteractor.swift in Sources */ = {isa = PBXBuildFile; fileRef = D93714A5242E876C00B78E9D /* PhotoIteractor.swift */; };
		D93714A8242E8BF700B78E9D /* ParseInteractor.swift in Sources */ = {isa = PBXBuildFile; fileRef = D93714A7242E8BF700B78E9D /* ParseInteractor.swift */; };
		D93714AA242EE4BE00B78E9D /* AlbumIteractor.swift in Sources */ = {isa = PBXBuildFile; fileRef = D93714A9242EE4BE00B78E9D /* AlbumIteractor.swift */; };
		D93AB8DA242BCA5A00A8A7E2 /* Photo.swift in Sources */ = {isa = PBXBuildFile; fileRef = D93AB8D9242BCA5A00A8A7E2 /* Photo.swift */; };
		D93AB8DD242BCBED00A8A7E2 /* Extensions.swift in Sources */ = {isa = PBXBuildFile; fileRef = D93AB8DC242BCBED00A8A7E2 /* Extensions.swift */; };
		D93AB8DF242BE8FF00A8A7E2 /* PhotoAlbum.swift in Sources */ = {isa = PBXBuildFile; fileRef = D93AB8DE242BE8FF00A8A7E2 /* PhotoAlbum.swift */; };
		D93AB8E3242BFA1300A8A7E2 /* RecordType.swift in Sources */ = {isa = PBXBuildFile; fileRef = D93AB8E2242BFA1300A8A7E2 /* RecordType.swift */; };
		D93AB8E5242BFA4500A8A7E2 /* Database.swift in Sources */ = {isa = PBXBuildFile; fileRef = D93AB8E4242BFA4500A8A7E2 /* Database.swift */; };
		D93AB8E9242C046300A8A7E2 /* CloudKit.framework in Frameworks */ = {isa = PBXBuildFile; fileRef = D93AB8E8242C046300A8A7E2 /* CloudKit.framework */; };
		D93AB8EB242C135400A8A7E2 /* EntityObject.swift in Sources */ = {isa = PBXBuildFile; fileRef = D93AB8EA242C135400A8A7E2 /* EntityObject.swift */; };
		D98376BE242C1B6700CD4B76 /* CloudKitController.swift in Sources */ = {isa = PBXBuildFile; fileRef = D98376BD242C1B6700CD4B76 /* CloudKitController.swift */; };
		D9AE340A22DA1ABD00F33C53 /* AppDelegate.swift in Sources */ = {isa = PBXBuildFile; fileRef = D9AE340922DA1ABD00F33C53 /* AppDelegate.swift */; };
		D9AE340F22DA1ABD00F33C53 /* Main.storyboard in Resources */ = {isa = PBXBuildFile; fileRef = D9AE340D22DA1ABD00F33C53 /* Main.storyboard */; };
		D9AE341222DA1ABD00F33C53 /* Challenge_de_ferias_2_0.xcdatamodeld in Sources */ = {isa = PBXBuildFile; fileRef = D9AE341022DA1ABD00F33C53 /* Challenge_de_ferias_2_0.xcdatamodeld */; };
		D9AE341422DA1ABE00F33C53 /* Assets.xcassets in Resources */ = {isa = PBXBuildFile; fileRef = D9AE341322DA1ABE00F33C53 /* Assets.xcassets */; };
		D9AE341722DA1ABE00F33C53 /* LaunchScreen.storyboard in Resources */ = {isa = PBXBuildFile; fileRef = D9AE341522DA1ABE00F33C53 /* LaunchScreen.storyboard */; };
		D9AE343C22DA200300F33C53 /* ImagesControl.swift in Sources */ = {isa = PBXBuildFile; fileRef = D9AE343B22DA200300F33C53 /* ImagesControl.swift */; };
		D9AE346222DA3A1000F33C53 /* Singleton.swift in Sources */ = {isa = PBXBuildFile; fileRef = D9AE346122DA3A1000F33C53 /* Singleton.swift */; };
		D9AE346422DA3D4E00F33C53 /* DataModifiedDelegate.swift in Sources */ = {isa = PBXBuildFile; fileRef = D9AE346322DA3D4E00F33C53 /* DataModifiedDelegate.swift */; };
		D9AE346622DA429A00F33C53 /* ModelStatus.swift in Sources */ = {isa = PBXBuildFile; fileRef = D9AE346522DA429A00F33C53 /* ModelStatus.swift */; };
		D9AE346D22DCE87A00F33C53 /* PhotoCard+CoreDataClass.swift in Sources */ = {isa = PBXBuildFile; fileRef = D9AE346922DCE87A00F33C53 /* PhotoCard+CoreDataClass.swift */; };
		D9AE346E22DCE87A00F33C53 /* PhotoCard+CoreDataProperties.swift in Sources */ = {isa = PBXBuildFile; fileRef = D9AE346A22DCE87A00F33C53 /* PhotoCard+CoreDataProperties.swift */; };
		D9AE346F22DCE87A00F33C53 /* PhotoAlbum+CoreDataClass.swift in Sources */ = {isa = PBXBuildFile; fileRef = D9AE346B22DCE87A00F33C53 /* PhotoAlbum+CoreDataClass.swift */; };
		D9AE347022DCE87A00F33C53 /* PhotoAlbum+CoreDataProperties.swift in Sources */ = {isa = PBXBuildFile; fileRef = D9AE346C22DCE87A00F33C53 /* PhotoAlbum+CoreDataProperties.swift */; };
		D9BAA9C322DE6BF700823F15 /* AlbumsCollectionViewController.swift in Sources */ = {isa = PBXBuildFile; fileRef = D9BAA9C222DE6BF700823F15 /* AlbumsCollectionViewController.swift */; };
		D9BAA9C522DE6C1200823F15 /* AlbumsCollectionViewCell.swift in Sources */ = {isa = PBXBuildFile; fileRef = D9BAA9C422DE6C1200823F15 /* AlbumsCollectionViewCell.swift */; };
		D9BAA9CB22DE71BC00823F15 /* TypeOfCardSelector.swift in Sources */ = {isa = PBXBuildFile; fileRef = D9BAA9CA22DE71BC00823F15 /* TypeOfCardSelector.swift */; };
		D9BAA9CD22DF892A00823F15 /* AlbumsViewController.swift in Sources */ = {isa = PBXBuildFile; fileRef = D9BAA9CC22DF892900823F15 /* AlbumsViewController.swift */; };
		D9BAA9CF22DF904600823F15 /* AlbumsCreatorViewController.swift in Sources */ = {isa = PBXBuildFile; fileRef = D9BAA9CE22DF904600823F15 /* AlbumsCreatorViewController.swift */; };
		D9BAA9D122DF960900823F15 /* ImagePicker.swift in Sources */ = {isa = PBXBuildFile; fileRef = D9BAA9D022DF960900823F15 /* ImagePicker.swift */; };
		D9BAA9D922E0F57300823F15 /* PhotoCollectionViewCell.swift in Sources */ = {isa = PBXBuildFile; fileRef = D9BAA9D822E0F57300823F15 /* PhotoCollectionViewCell.swift */; };
		D9C33A1022EE4B25005B367C /* AppDelegateExtension.swift in Sources */ = {isa = PBXBuildFile; fileRef = D9C33A0F22EE4B25005B367C /* AppDelegateExtension.swift */; };
		D9C33A1222EE4C4E005B367C /* NotificationsHandler.swift in Sources */ = {isa = PBXBuildFile; fileRef = D9C33A1122EE4C4E005B367C /* NotificationsHandler.swift */; };
		D9C33A1422EE4DD2005B367C /* MyNotifications.swift in Sources */ = {isa = PBXBuildFile; fileRef = D9C33A1322EE4DD2005B367C /* MyNotifications.swift */; };
/* End PBXBuildFile section */

/* Begin PBXFileReference section */
		D93714A5242E876C00B78E9D /* PhotoIteractor.swift */ = {isa = PBXFileReference; lastKnownFileType = sourcecode.swift; path = PhotoIteractor.swift; sourceTree = "<group>"; };
		D93714A7242E8BF700B78E9D /* ParseInteractor.swift */ = {isa = PBXFileReference; lastKnownFileType = sourcecode.swift; path = ParseInteractor.swift; sourceTree = "<group>"; };
		D93714A9242EE4BE00B78E9D /* AlbumIteractor.swift */ = {isa = PBXFileReference; lastKnownFileType = sourcecode.swift; path = AlbumIteractor.swift; sourceTree = "<group>"; };
		D93AB8D9242BCA5A00A8A7E2 /* Photo.swift */ = {isa = PBXFileReference; lastKnownFileType = sourcecode.swift; path = Photo.swift; sourceTree = "<group>"; };
		D93AB8DC242BCBED00A8A7E2 /* Extensions.swift */ = {isa = PBXFileReference; lastKnownFileType = sourcecode.swift; path = Extensions.swift; sourceTree = "<group>"; };
		D93AB8DE242BE8FF00A8A7E2 /* PhotoAlbum.swift */ = {isa = PBXFileReference; lastKnownFileType = sourcecode.swift; path = PhotoAlbum.swift; sourceTree = "<group>"; };
		D93AB8E2242BFA1300A8A7E2 /* RecordType.swift */ = {isa = PBXFileReference; lastKnownFileType = sourcecode.swift; path = RecordType.swift; sourceTree = "<group>"; };
		D93AB8E4242BFA4500A8A7E2 /* Database.swift */ = {isa = PBXFileReference; lastKnownFileType = sourcecode.swift; path = Database.swift; sourceTree = "<group>"; };
		D93AB8E6242C045C00A8A7E2 /* Challenge de ferias 2.0.entitlements */ = {isa = PBXFileReference; lastKnownFileType = text.plist.entitlements; path = "Challenge de ferias 2.0.entitlements"; sourceTree = "<group>"; };
		D93AB8E8242C046300A8A7E2 /* CloudKit.framework */ = {isa = PBXFileReference; lastKnownFileType = wrapper.framework; name = CloudKit.framework; path = System/Library/Frameworks/CloudKit.framework; sourceTree = SDKROOT; };
		D93AB8EA242C135400A8A7E2 /* EntityObject.swift */ = {isa = PBXFileReference; lastKnownFileType = sourcecode.swift; path = EntityObject.swift; sourceTree = "<group>"; };
		D98376BD242C1B6700CD4B76 /* CloudKitController.swift */ = {isa = PBXFileReference; lastKnownFileType = sourcecode.swift; path = CloudKitController.swift; sourceTree = "<group>"; };
		D9AE340622DA1ABD00F33C53 /* Challenge de ferias 2.0.app */ = {isa = PBXFileReference; explicitFileType = wrapper.application; includeInIndex = 0; path = "Challenge de ferias 2.0.app"; sourceTree = BUILT_PRODUCTS_DIR; };
		D9AE340922DA1ABD00F33C53 /* AppDelegate.swift */ = {isa = PBXFileReference; lastKnownFileType = sourcecode.swift; path = AppDelegate.swift; sourceTree = "<group>"; };
		D9AE340E22DA1ABD00F33C53 /* Base */ = {isa = PBXFileReference; lastKnownFileType = file.storyboard; name = Base; path = Base.lproj/Main.storyboard; sourceTree = "<group>"; };
		D9AE341122DA1ABD00F33C53 /* Challenge_de_ferias_2_0.xcdatamodel */ = {isa = PBXFileReference; lastKnownFileType = wrapper.xcdatamodel; path = Challenge_de_ferias_2_0.xcdatamodel; sourceTree = "<group>"; };
		D9AE341322DA1ABE00F33C53 /* Assets.xcassets */ = {isa = PBXFileReference; lastKnownFileType = folder.assetcatalog; path = Assets.xcassets; sourceTree = "<group>"; };
		D9AE341622DA1ABE00F33C53 /* Base */ = {isa = PBXFileReference; lastKnownFileType = file.storyboard; name = Base; path = Base.lproj/LaunchScreen.storyboard; sourceTree = "<group>"; };
		D9AE341822DA1ABE00F33C53 /* Info.plist */ = {isa = PBXFileReference; lastKnownFileType = text.plist.xml; path = Info.plist; sourceTree = "<group>"; };
		D9AE343B22DA200300F33C53 /* ImagesControl.swift */ = {isa = PBXFileReference; lastKnownFileType = sourcecode.swift; path = ImagesControl.swift; sourceTree = "<group>"; };
		D9AE346122DA3A1000F33C53 /* Singleton.swift */ = {isa = PBXFileReference; lastKnownFileType = sourcecode.swift; path = Singleton.swift; sourceTree = "<group>"; };
		D9AE346322DA3D4E00F33C53 /* DataModifiedDelegate.swift */ = {isa = PBXFileReference; lastKnownFileType = sourcecode.swift; path = DataModifiedDelegate.swift; sourceTree = "<group>"; };
		D9AE346522DA429A00F33C53 /* ModelStatus.swift */ = {isa = PBXFileReference; lastKnownFileType = sourcecode.swift; path = ModelStatus.swift; sourceTree = "<group>"; };
		D9AE346922DCE87A00F33C53 /* PhotoCard+CoreDataClass.swift */ = {isa = PBXFileReference; lastKnownFileType = sourcecode.swift; path = "PhotoCard+CoreDataClass.swift"; sourceTree = "<group>"; };
		D9AE346A22DCE87A00F33C53 /* PhotoCard+CoreDataProperties.swift */ = {isa = PBXFileReference; lastKnownFileType = sourcecode.swift; path = "PhotoCard+CoreDataProperties.swift"; sourceTree = "<group>"; };
		D9AE346B22DCE87A00F33C53 /* PhotoAlbum+CoreDataClass.swift */ = {isa = PBXFileReference; lastKnownFileType = sourcecode.swift; path = "PhotoAlbum+CoreDataClass.swift"; sourceTree = "<group>"; };
		D9AE346C22DCE87A00F33C53 /* PhotoAlbum+CoreDataProperties.swift */ = {isa = PBXFileReference; lastKnownFileType = sourcecode.swift; path = "PhotoAlbum+CoreDataProperties.swift"; sourceTree = "<group>"; };
		D9BAA9C222DE6BF700823F15 /* AlbumsCollectionViewController.swift */ = {isa = PBXFileReference; lastKnownFileType = sourcecode.swift; path = AlbumsCollectionViewController.swift; sourceTree = "<group>"; };
		D9BAA9C422DE6C1200823F15 /* AlbumsCollectionViewCell.swift */ = {isa = PBXFileReference; lastKnownFileType = sourcecode.swift; name = AlbumsCollectionViewCell.swift; path = ../Controllers/AlbumsCollectionViewCell.swift; sourceTree = "<group>"; };
		D9BAA9CA22DE71BC00823F15 /* TypeOfCardSelector.swift */ = {isa = PBXFileReference; lastKnownFileType = sourcecode.swift; path = TypeOfCardSelector.swift; sourceTree = "<group>"; };
		D9BAA9CC22DF892900823F15 /* AlbumsViewController.swift */ = {isa = PBXFileReference; lastKnownFileType = sourcecode.swift; path = AlbumsViewController.swift; sourceTree = "<group>"; };
		D9BAA9CE22DF904600823F15 /* AlbumsCreatorViewController.swift */ = {isa = PBXFileReference; lastKnownFileType = sourcecode.swift; path = AlbumsCreatorViewController.swift; sourceTree = "<group>"; };
		D9BAA9D022DF960900823F15 /* ImagePicker.swift */ = {isa = PBXFileReference; lastKnownFileType = sourcecode.swift; path = ImagePicker.swift; sourceTree = "<group>"; };
		D9BAA9D822E0F57300823F15 /* PhotoCollectionViewCell.swift */ = {isa = PBXFileReference; lastKnownFileType = sourcecode.swift; name = PhotoCollectionViewCell.swift; path = ../Controllers/PhotoCollectionViewCell.swift; sourceTree = "<group>"; };
		D9C33A0F22EE4B25005B367C /* AppDelegateExtension.swift */ = {isa = PBXFileReference; lastKnownFileType = sourcecode.swift; path = AppDelegateExtension.swift; sourceTree = "<group>"; };
		D9C33A1122EE4C4E005B367C /* NotificationsHandler.swift */ = {isa = PBXFileReference; lastKnownFileType = sourcecode.swift; path = NotificationsHandler.swift; sourceTree = "<group>"; };
		D9C33A1322EE4DD2005B367C /* MyNotifications.swift */ = {isa = PBXFileReference; lastKnownFileType = sourcecode.swift; path = MyNotifications.swift; sourceTree = "<group>"; };
/* End PBXFileReference section */

/* Begin PBXFrameworksBuildPhase section */
		D9AE340322DA1ABD00F33C53 /* Frameworks */ = {
			isa = PBXFrameworksBuildPhase;
			buildActionMask = 2147483647;
			files = (
				D93AB8E9242C046300A8A7E2 /* CloudKit.framework in Frameworks */,
			);
			runOnlyForDeploymentPostprocessing = 0;
		};
/* End PBXFrameworksBuildPhase section */

/* Begin PBXGroup section */
		D93714A4242E7EA100B78E9D /* Interactors */ = {
			isa = PBXGroup;
			children = (
				D93714A5242E876C00B78E9D /* PhotoIteractor.swift */,
				D93714A7242E8BF700B78E9D /* ParseInteractor.swift */,
				D93714A9242EE4BE00B78E9D /* AlbumIteractor.swift */,
			);
			path = Interactors;
			sourceTree = "<group>";
		};
		D93AB8D7242BC99000A8A7E2 /* CoreData */ = {
			isa = PBXGroup;
			children = (
				D9AE346922DCE87A00F33C53 /* PhotoCard+CoreDataClass.swift */,
				D9AE346A22DCE87A00F33C53 /* PhotoCard+CoreDataProperties.swift */,
				D9AE346B22DCE87A00F33C53 /* PhotoAlbum+CoreDataClass.swift */,
				D9AE346C22DCE87A00F33C53 /* PhotoAlbum+CoreDataProperties.swift */,
				D9AE341022DA1ABD00F33C53 /* Challenge_de_ferias_2_0.xcdatamodeld */,
			);
			path = CoreData;
			sourceTree = "<group>";
		};
		D93AB8D8242BC99B00A8A7E2 /* CloudKit */ = {
			isa = PBXGroup;
			children = (
				D93AB8ED242C192800A8A7E2 /* Controller */,
				D93AB8EC242C141800A8A7E2 /* Entitites */,
			);
			path = CloudKit;
			sourceTree = "<group>";
		};
		D93AB8DB242BCBC300A8A7E2 /* Helpers */ = {
			isa = PBXGroup;
			children = (
				D93AB8DC242BCBED00A8A7E2 /* Extensions.swift */,
				D93AB8E2242BFA1300A8A7E2 /* RecordType.swift */,
				D93AB8E4242BFA4500A8A7E2 /* Database.swift */,
			);
			path = Helpers;
			sourceTree = "<group>";
		};
		D93AB8E7242C046300A8A7E2 /* Frameworks */ = {
			isa = PBXGroup;
			children = (
				D93AB8E8242C046300A8A7E2 /* CloudKit.framework */,
			);
			name = Frameworks;
			sourceTree = "<group>";
		};
		D93AB8EC242C141800A8A7E2 /* Entitites */ = {
			isa = PBXGroup;
			children = (
				D93AB8EA242C135400A8A7E2 /* EntityObject.swift */,
				D93AB8D9242BCA5A00A8A7E2 /* Photo.swift */,
				D93AB8DE242BE8FF00A8A7E2 /* PhotoAlbum.swift */,
			);
			path = Entitites;
			sourceTree = "<group>";
		};
		D93AB8ED242C192800A8A7E2 /* Controller */ = {
			isa = PBXGroup;
			children = (
				D98376BD242C1B6700CD4B76 /* CloudKitController.swift */,
			);
			path = Controller;
			sourceTree = "<group>";
		};
		D9AE33FD22DA1ABD00F33C53 = {
			isa = PBXGroup;
			children = (
				D9AE340822DA1ABD00F33C53 /* Challenge de ferias 2.0 */,
				D9AE340722DA1ABD00F33C53 /* Products */,
				D93AB8E7242C046300A8A7E2 /* Frameworks */,
			);
			sourceTree = "<group>";
		};
		D9AE340722DA1ABD00F33C53 /* Products */ = {
			isa = PBXGroup;
			children = (
				D9AE340622DA1ABD00F33C53 /* Challenge de ferias 2.0.app */,
			);
			name = Products;
			sourceTree = "<group>";
		};
		D9AE340822DA1ABD00F33C53 /* Challenge de ferias 2.0 */ = {
			isa = PBXGroup;
			children = (
				D93AB8E6242C045C00A8A7E2 /* Challenge de ferias 2.0.entitlements */,
				D9AE342122DA1AF500F33C53 /* View */,
				D9AE342022DA1AF200F33C53 /* Controllers */,
				D9AE341F22DA1AEF00F33C53 /* Model */,
				D93AB8DB242BCBC300A8A7E2 /* Helpers */,
				D9AE341E22DA1AEA00F33C53 /* Subclasses */,
				D9AE340922DA1ABD00F33C53 /* AppDelegate.swift */,
				D9AE341322DA1ABE00F33C53 /* Assets.xcassets */,
				D9AE341522DA1ABE00F33C53 /* LaunchScreen.storyboard */,
				D9AE341822DA1ABE00F33C53 /* Info.plist */,
			);
			path = "Challenge de ferias 2.0";
			sourceTree = "<group>";
		};
		D9AE341E22DA1AEA00F33C53 /* Subclasses */ = {
			isa = PBXGroup;
			children = (
				D9C33A0F22EE4B25005B367C /* AppDelegateExtension.swift */,
				D9AE343B22DA200300F33C53 /* ImagesControl.swift */,
				D9AE346122DA3A1000F33C53 /* Singleton.swift */,
				D9AE346322DA3D4E00F33C53 /* DataModifiedDelegate.swift */,
				D9AE346522DA429A00F33C53 /* ModelStatus.swift */,
				D9BAA9D022DF960900823F15 /* ImagePicker.swift */,
				D9C33A1122EE4C4E005B367C /* NotificationsHandler.swift */,
			);
			path = Subclasses;
			sourceTree = "<group>";
		};
		D9AE341F22DA1AEF00F33C53 /* Model */ = {
			isa = PBXGroup;
			children = (
				D93714A4242E7EA100B78E9D /* Interactors */,
				D93AB8D8242BC99B00A8A7E2 /* CloudKit */,
				D93AB8D7242BC99000A8A7E2 /* CoreData */,
			);
			path = Model;
			sourceTree = "<group>";
		};
		D9AE342022DA1AF200F33C53 /* Controllers */ = {
			isa = PBXGroup;
			children = (
				D9BAA9C222DE6BF700823F15 /* AlbumsCollectionViewController.swift */,
				D9BAA9CA22DE71BC00823F15 /* TypeOfCardSelector.swift */,
				D9BAA9CC22DF892900823F15 /* AlbumsViewController.swift */,
				D9BAA9CE22DF904600823F15 /* AlbumsCreatorViewController.swift */,
				D9C33A1322EE4DD2005B367C /* MyNotifications.swift */,
			);
			path = Controllers;
			sourceTree = "<group>";
		};
		D9AE342122DA1AF500F33C53 /* View */ = {
			isa = PBXGroup;
			children = (
				D9AE340D22DA1ABD00F33C53 /* Main.storyboard */,
				D9BAA9D822E0F57300823F15 /* PhotoCollectionViewCell.swift */,
				D9BAA9C422DE6C1200823F15 /* AlbumsCollectionViewCell.swift */,
			);
			path = View;
			sourceTree = "<group>";
		};
/* End PBXGroup section */

/* Begin PBXNativeTarget section */
		D9AE340522DA1ABD00F33C53 /* Challenge de ferias 2.0 */ = {
			isa = PBXNativeTarget;
			buildConfigurationList = D9AE341B22DA1ABE00F33C53 /* Build configuration list for PBXNativeTarget "Challenge de ferias 2.0" */;
			buildPhases = (
				D9AE340222DA1ABD00F33C53 /* Sources */,
				D9AE340322DA1ABD00F33C53 /* Frameworks */,
				D9AE340422DA1ABD00F33C53 /* Resources */,
			);
			buildRules = (
			);
			dependencies = (
			);
			name = "Challenge de ferias 2.0";
			productName = "Challenge de ferias 2.0";
			productReference = D9AE340622DA1ABD00F33C53 /* Challenge de ferias 2.0.app */;
			productType = "com.apple.product-type.application";
		};
/* End PBXNativeTarget section */

/* Begin PBXProject section */
		D9AE33FE22DA1ABD00F33C53 /* Project object */ = {
			isa = PBXProject;
			attributes = {
				LastSwiftUpdateCheck = 1020;
				LastUpgradeCheck = 1020;
				ORGANIZATIONNAME = "Pedro Henrique Guedes Silveira";
				TargetAttributes = {
					D9AE340522DA1ABD00F33C53 = {
						CreatedOnToolsVersion = 10.2.1;
					};
				};
			};
			buildConfigurationList = D9AE340122DA1ABD00F33C53 /* Build configuration list for PBXProject "Challenge de ferias 2.0" */;
			compatibilityVersion = "Xcode 9.3";
			developmentRegion = en;
			hasScannedForEncodings = 0;
			knownRegions = (
				en,
				Base,
			);
			mainGroup = D9AE33FD22DA1ABD00F33C53;
			productRefGroup = D9AE340722DA1ABD00F33C53 /* Products */;
			projectDirPath = "";
			projectRoot = "";
			targets = (
				D9AE340522DA1ABD00F33C53 /* Challenge de ferias 2.0 */,
			);
		};
/* End PBXProject section */

/* Begin PBXResourcesBuildPhase section */
		D9AE340422DA1ABD00F33C53 /* Resources */ = {
			isa = PBXResourcesBuildPhase;
			buildActionMask = 2147483647;
			files = (
				D9AE341722DA1ABE00F33C53 /* LaunchScreen.storyboard in Resources */,
				D9AE341422DA1ABE00F33C53 /* Assets.xcassets in Resources */,
				D9AE340F22DA1ABD00F33C53 /* Main.storyboard in Resources */,
			);
			runOnlyForDeploymentPostprocessing = 0;
		};
/* End PBXResourcesBuildPhase section */

/* Begin PBXSourcesBuildPhase section */
		D9AE340222DA1ABD00F33C53 /* Sources */ = {
			isa = PBXSourcesBuildPhase;
			buildActionMask = 2147483647;
			files = (
				D93AB8DA242BCA5A00A8A7E2 /* Photo.swift in Sources */,
				D9BAA9D922E0F57300823F15 /* PhotoCollectionViewCell.swift in Sources */,
				D93AB8DF242BE8FF00A8A7E2 /* PhotoAlbum.swift in Sources */,
				D9AE343C22DA200300F33C53 /* ImagesControl.swift in Sources */,
				D9AE346622DA429A00F33C53 /* ModelStatus.swift in Sources */,
				D9BAA9C322DE6BF700823F15 /* AlbumsCollectionViewController.swift in Sources */,
				D9BAA9D122DF960900823F15 /* ImagePicker.swift in Sources */,
				D93AB8EB242C135400A8A7E2 /* EntityObject.swift in Sources */,
				D9BAA9CB22DE71BC00823F15 /* TypeOfCardSelector.swift in Sources */,
				D9C33A1422EE4DD2005B367C /* MyNotifications.swift in Sources */,
				D98376BE242C1B6700CD4B76 /* CloudKitController.swift in Sources */,
				D9AE346E22DCE87A00F33C53 /* PhotoCard+CoreDataProperties.swift in Sources */,
				D93AB8DD242BCBED00A8A7E2 /* Extensions.swift in Sources */,
				D9AE341222DA1ABD00F33C53 /* Challenge_de_ferias_2_0.xcdatamodeld in Sources */,
				D9AE340A22DA1ABD00F33C53 /* AppDelegate.swift in Sources */,
				D9AE346222DA3A1000F33C53 /* Singleton.swift in Sources */,
				D93714A8242E8BF700B78E9D /* ParseInteractor.swift in Sources */,
				D9C33A1022EE4B25005B367C /* AppDelegateExtension.swift in Sources */,
				D9BAA9C522DE6C1200823F15 /* AlbumsCollectionViewCell.swift in Sources */,
				D9C33A1222EE4C4E005B367C /* NotificationsHandler.swift in Sources */,
				D9AE347022DCE87A00F33C53 /* PhotoAlbum+CoreDataProperties.swift in Sources */,
				D9AE346F22DCE87A00F33C53 /* PhotoAlbum+CoreDataClass.swift in Sources */,
				D9AE346422DA3D4E00F33C53 /* DataModifiedDelegate.swift in Sources */,
				D93AB8E3242BFA1300A8A7E2 /* RecordType.swift in Sources */,
				D9BAA9CF22DF904600823F15 /* AlbumsCreatorViewController.swift in Sources */,
				D93714AA242EE4BE00B78E9D /* AlbumIteractor.swift in Sources */,
				D9AE346D22DCE87A00F33C53 /* PhotoCard+CoreDataClass.swift in Sources */,
				D93AB8E5242BFA4500A8A7E2 /* Database.swift in Sources */,
				D93714A6242E876C00B78E9D /* PhotoIteractor.swift in Sources */,
				D9BAA9CD22DF892A00823F15 /* AlbumsViewController.swift in Sources */,
			);
			runOnlyForDeploymentPostprocessing = 0;
		};
/* End PBXSourcesBuildPhase section */

/* Begin PBXVariantGroup section */
		D9AE340D22DA1ABD00F33C53 /* Main.storyboard */ = {
			isa = PBXVariantGroup;
			children = (
				D9AE340E22DA1ABD00F33C53 /* Base */,
			);
			name = Main.storyboard;
			sourceTree = "<group>";
		};
		D9AE341522DA1ABE00F33C53 /* LaunchScreen.storyboard */ = {
			isa = PBXVariantGroup;
			children = (
				D9AE341622DA1ABE00F33C53 /* Base */,
			);
			name = LaunchScreen.storyboard;
			sourceTree = "<group>";
		};
/* End PBXVariantGroup section */

/* Begin XCBuildConfiguration section */
		D9AE341922DA1ABE00F33C53 /* Debug */ = {
			isa = XCBuildConfiguration;
			buildSettings = {
				ALWAYS_SEARCH_USER_PATHS = NO;
				CLANG_ANALYZER_NONNULL = YES;
				CLANG_ANALYZER_NUMBER_OBJECT_CONVERSION = YES_AGGRESSIVE;
				CLANG_CXX_LANGUAGE_STANDARD = "gnu++14";
				CLANG_CXX_LIBRARY = "libc++";
				CLANG_ENABLE_MODULES = YES;
				CLANG_ENABLE_OBJC_ARC = YES;
				CLANG_ENABLE_OBJC_WEAK = YES;
				CLANG_WARN_BLOCK_CAPTURE_AUTORELEASING = YES;
				CLANG_WARN_BOOL_CONVERSION = YES;
				CLANG_WARN_COMMA = YES;
				CLANG_WARN_CONSTANT_CONVERSION = YES;
				CLANG_WARN_DEPRECATED_OBJC_IMPLEMENTATIONS = YES;
				CLANG_WARN_DIRECT_OBJC_ISA_USAGE = YES_ERROR;
				CLANG_WARN_DOCUMENTATION_COMMENTS = YES;
				CLANG_WARN_EMPTY_BODY = YES;
				CLANG_WARN_ENUM_CONVERSION = YES;
				CLANG_WARN_INFINITE_RECURSION = YES;
				CLANG_WARN_INT_CONVERSION = YES;
				CLANG_WARN_NON_LITERAL_NULL_CONVERSION = YES;
				CLANG_WARN_OBJC_IMPLICIT_RETAIN_SELF = YES;
				CLANG_WARN_OBJC_LITERAL_CONVERSION = YES;
				CLANG_WARN_OBJC_ROOT_CLASS = YES_ERROR;
				CLANG_WARN_RANGE_LOOP_ANALYSIS = YES;
				CLANG_WARN_STRICT_PROTOTYPES = YES;
				CLANG_WARN_SUSPICIOUS_MOVE = YES;
				CLANG_WARN_UNGUARDED_AVAILABILITY = YES_AGGRESSIVE;
				CLANG_WARN_UNREACHABLE_CODE = YES;
				CLANG_WARN__DUPLICATE_METHOD_MATCH = YES;
				CODE_SIGN_IDENTITY = "iPhone Developer";
				COPY_PHASE_STRIP = NO;
				DEBUG_INFORMATION_FORMAT = dwarf;
				ENABLE_STRICT_OBJC_MSGSEND = YES;
				ENABLE_TESTABILITY = YES;
				GCC_C_LANGUAGE_STANDARD = gnu11;
				GCC_DYNAMIC_NO_PIC = NO;
				GCC_NO_COMMON_BLOCKS = YES;
				GCC_OPTIMIZATION_LEVEL = 0;
				GCC_PREPROCESSOR_DEFINITIONS = (
					"DEBUG=1",
					"$(inherited)",
				);
				GCC_WARN_64_TO_32_BIT_CONVERSION = YES;
				GCC_WARN_ABOUT_RETURN_TYPE = YES_ERROR;
				GCC_WARN_UNDECLARED_SELECTOR = YES;
				GCC_WARN_UNINITIALIZED_AUTOS = YES_AGGRESSIVE;
				GCC_WARN_UNUSED_FUNCTION = YES;
				GCC_WARN_UNUSED_VARIABLE = YES;
				IPHONEOS_DEPLOYMENT_TARGET = 12.2;
				MTL_ENABLE_DEBUG_INFO = INCLUDE_SOURCE;
				MTL_FAST_MATH = YES;
				ONLY_ACTIVE_ARCH = YES;
				SDKROOT = iphoneos;
				SWIFT_ACTIVE_COMPILATION_CONDITIONS = DEBUG;
				SWIFT_OPTIMIZATION_LEVEL = "-Onone";
			};
			name = Debug;
		};
		D9AE341A22DA1ABE00F33C53 /* Release */ = {
			isa = XCBuildConfiguration;
			buildSettings = {
				ALWAYS_SEARCH_USER_PATHS = NO;
				CLANG_ANALYZER_NONNULL = YES;
				CLANG_ANALYZER_NUMBER_OBJECT_CONVERSION = YES_AGGRESSIVE;
				CLANG_CXX_LANGUAGE_STANDARD = "gnu++14";
				CLANG_CXX_LIBRARY = "libc++";
				CLANG_ENABLE_MODULES = YES;
				CLANG_ENABLE_OBJC_ARC = YES;
				CLANG_ENABLE_OBJC_WEAK = YES;
				CLANG_WARN_BLOCK_CAPTURE_AUTORELEASING = YES;
				CLANG_WARN_BOOL_CONVERSION = YES;
				CLANG_WARN_COMMA = YES;
				CLANG_WARN_CONSTANT_CONVERSION = YES;
				CLANG_WARN_DEPRECATED_OBJC_IMPLEMENTATIONS = YES;
				CLANG_WARN_DIRECT_OBJC_ISA_USAGE = YES_ERROR;
				CLANG_WARN_DOCUMENTATION_COMMENTS = YES;
				CLANG_WARN_EMPTY_BODY = YES;
				CLANG_WARN_ENUM_CONVERSION = YES;
				CLANG_WARN_INFINITE_RECURSION = YES;
				CLANG_WARN_INT_CONVERSION = YES;
				CLANG_WARN_NON_LITERAL_NULL_CONVERSION = YES;
				CLANG_WARN_OBJC_IMPLICIT_RETAIN_SELF = YES;
				CLANG_WARN_OBJC_LITERAL_CONVERSION = YES;
				CLANG_WARN_OBJC_ROOT_CLASS = YES_ERROR;
				CLANG_WARN_RANGE_LOOP_ANALYSIS = YES;
				CLANG_WARN_STRICT_PROTOTYPES = YES;
				CLANG_WARN_SUSPICIOUS_MOVE = YES;
				CLANG_WARN_UNGUARDED_AVAILABILITY = YES_AGGRESSIVE;
				CLANG_WARN_UNREACHABLE_CODE = YES;
				CLANG_WARN__DUPLICATE_METHOD_MATCH = YES;
				CODE_SIGN_IDENTITY = "iPhone Developer";
				COPY_PHASE_STRIP = NO;
				DEBUG_INFORMATION_FORMAT = "dwarf-with-dsym";
				ENABLE_NS_ASSERTIONS = NO;
				ENABLE_STRICT_OBJC_MSGSEND = YES;
				GCC_C_LANGUAGE_STANDARD = gnu11;
				GCC_NO_COMMON_BLOCKS = YES;
				GCC_WARN_64_TO_32_BIT_CONVERSION = YES;
				GCC_WARN_ABOUT_RETURN_TYPE = YES_ERROR;
				GCC_WARN_UNDECLARED_SELECTOR = YES;
				GCC_WARN_UNINITIALIZED_AUTOS = YES_AGGRESSIVE;
				GCC_WARN_UNUSED_FUNCTION = YES;
				GCC_WARN_UNUSED_VARIABLE = YES;
				IPHONEOS_DEPLOYMENT_TARGET = 12.2;
				MTL_ENABLE_DEBUG_INFO = NO;
				MTL_FAST_MATH = YES;
				SDKROOT = iphoneos;
				SWIFT_COMPILATION_MODE = wholemodule;
				SWIFT_OPTIMIZATION_LEVEL = "-O";
				VALIDATE_PRODUCT = YES;
			};
			name = Release;
		};
		D9AE341C22DA1ABE00F33C53 /* Debug */ = {
			isa = XCBuildConfiguration;
			buildSettings = {
				ASSETCATALOG_COMPILER_APPICON_NAME = AppIcon;
				CODE_SIGN_ENTITLEMENTS = "Challenge de ferias 2.0/Challenge de ferias 2.0.entitlements";
				CODE_SIGN_STYLE = Automatic;
				DEVELOPMENT_TEAM = Q9Y63W6Q4X;
				INFOPLIST_FILE = "Challenge de ferias 2.0/Info.plist";
				LD_RUNPATH_SEARCH_PATHS = (
					"$(inherited)",
					"@executable_path/Frameworks",
				);
				PRODUCT_BUNDLE_IDENTIFIER = MemoryRemember;
				PRODUCT_NAME = "$(TARGET_NAME)";
				SWIFT_VERSION = 5.0;
				TARGETED_DEVICE_FAMILY = "1,2";
			};
			name = Debug;
		};
		D9AE341D22DA1ABE00F33C53 /* Release */ = {
			isa = XCBuildConfiguration;
			buildSettings = {
				ASSETCATALOG_COMPILER_APPICON_NAME = AppIcon;
				CODE_SIGN_ENTITLEMENTS = "Challenge de ferias 2.0/Challenge de ferias 2.0.entitlements";
				CODE_SIGN_STYLE = Automatic;
				DEVELOPMENT_TEAM = Q9Y63W6Q4X;
				INFOPLIST_FILE = "Challenge de ferias 2.0/Info.plist";
				LD_RUNPATH_SEARCH_PATHS = (
					"$(inherited)",
					"@executable_path/Frameworks",
				);
				PRODUCT_BUNDLE_IDENTIFIER = MemoryRemember;
				PRODUCT_NAME = "$(TARGET_NAME)";
				SWIFT_VERSION = 5.0;
				TARGETED_DEVICE_FAMILY = "1,2";
			};
			name = Release;
		};
/* End XCBuildConfiguration section */

/* Begin XCConfigurationList section */
		D9AE340122DA1ABD00F33C53 /* Build configuration list for PBXProject "Challenge de ferias 2.0" */ = {
			isa = XCConfigurationList;
			buildConfigurations = (
				D9AE341922DA1ABE00F33C53 /* Debug */,
				D9AE341A22DA1ABE00F33C53 /* Release */,
			);
			defaultConfigurationIsVisible = 0;
			defaultConfigurationName = Release;
		};
		D9AE341B22DA1ABE00F33C53 /* Build configuration list for PBXNativeTarget "Challenge de ferias 2.0" */ = {
			isa = XCConfigurationList;
			buildConfigurations = (
				D9AE341C22DA1ABE00F33C53 /* Debug */,
				D9AE341D22DA1ABE00F33C53 /* Release */,
			);
			defaultConfigurationIsVisible = 0;
			defaultConfigurationName = Release;
		};
/* End XCConfigurationList section */

/* Begin XCVersionGroup section */
		D9AE341022DA1ABD00F33C53 /* Challenge_de_ferias_2_0.xcdatamodeld */ = {
			isa = XCVersionGroup;
			children = (
				D9AE341122DA1ABD00F33C53 /* Challenge_de_ferias_2_0.xcdatamodel */,
			);
			currentVersion = D9AE341122DA1ABD00F33C53 /* Challenge_de_ferias_2_0.xcdatamodel */;
			path = Challenge_de_ferias_2_0.xcdatamodeld;
			sourceTree = "<group>";
			versionGroupType = wrapper.xcdatamodel;
		};
/* End XCVersionGroup section */
	};
	rootObject = D9AE33FE22DA1ABD00F33C53 /* Project object */;
}
